<?xml version="1.0" encoding="utf-8"?>
<Project ToolsVersion="4.0" xmlns="http://schemas.microsoft.com/developer/msbuild/2003">
  <ItemGroup>
    <Filter Include="Source Files">
      <UniqueIdentifier>{4FC737F1-C7A5-4376-A066-2A32D752A2FF}</UniqueIdentifier>
      <Extensions>cpp;c;cc;cxx;def;odl;idl;hpj;bat;asm;asmx</Extensions>
    </Filter>
    <Filter Include="Header Files">
      <UniqueIdentifier>{93995380-89BD-4b04-88EB-625FBE52EBFB}</UniqueIdentifier>
      <Extensions>h;hh;hpp;hxx;hm;inl;inc;ipp;xsd</Extensions>
    </Filter>
    <Filter Include="Resource Files">
      <UniqueIdentifier>{67DA6AB6-F800-4c08-8B7A-83BB121AAD01}</UniqueIdentifier>
      <Extensions>rc;ico;cur;bmp;dlg;rc2;rct;bin;rgs;gif;jpg;jpeg;jpe;resx;tiff;tif;png;wav;mfcribbon-ms</Extensions>
    </Filter>
    <Filter Include="Header Files\Window">
      <UniqueIdentifier>{8154446d-5408-4e8b-b9b8-155b3ba8abcf}</UniqueIdentifier>
    </Filter>
    <Filter Include="Source Files\Window">
      <UniqueIdentifier>{634356c3-a487-4e2b-b580-4e39ce067790}</UniqueIdentifier>
    </Filter>
    <Filter Include="Source Files\fmt">
      <UniqueIdentifier>{ce592a1b-7819-42b4-ab14-5269327be014}</UniqueIdentifier>
    </Filter>
    <Filter Include="Header Files\Graphics">
      <UniqueIdentifier>{03c57f28-f866-4ab8-9c76-72dd7a8363e2}</UniqueIdentifier>
    </Filter>
    <Filter Include="Header Files\Utility">
      <UniqueIdentifier>{81c57dc8-bb9b-4863-a7c6-4216ad2a1263}</UniqueIdentifier>
    </Filter>
    <Filter Include="Source Files\Graphics">
      <UniqueIdentifier>{c0913df6-87f0-4991-859c-9e24aa1b4ea8}</UniqueIdentifier>
    </Filter>
    <Filter Include="Header Files\Graphics\vk">
      <UniqueIdentifier>{0878a9c4-6e7a-4d41-8bf1-fec9c84b8cd8}</UniqueIdentifier>
    </Filter>
    <Filter Include="Header Files\Market">
      <UniqueIdentifier>{4ea57b46-a351-49b2-b9b1-af772d6d147e}</UniqueIdentifier>
    </Filter>
    <Filter Include="Source Files\Market">
      <UniqueIdentifier>{8651ec05-3074-4412-8ed6-a2dc9b31b5e1}</UniqueIdentifier>
    </Filter>
    <Filter Include="Header Files\Market\Model">
      <UniqueIdentifier>{b0ad5744-2a80-447c-a8e9-d5bf5e6fce7e}</UniqueIdentifier>
    </Filter>
    <Filter Include="Source Files\Market\Model">
      <UniqueIdentifier>{3ee1f67f-1836-4899-a746-4ad25e86ca5a}</UniqueIdentifier>
    </Filter>
    <Filter Include="Source Files\soci">
      <UniqueIdentifier>{818f8b05-0d1d-44bb-9a99-b365429df075}</UniqueIdentifier>
    </Filter>
    <Filter Include="Source Files\soci\core">
      <UniqueIdentifier>{2802e948-de31-46b9-87a3-ef1ef4ce98f5}</UniqueIdentifier>
    </Filter>
    <Filter Include="Source Files\soci\backends">
      <UniqueIdentifier>{3242993e-8b0d-40e8-994b-833e080c1195}</UniqueIdentifier>
    </Filter>
    <Filter Include="Source Files\soci\backends\sqlite3">
      <UniqueIdentifier>{cc3197cc-252f-4b88-b812-a7dab3420dd9}</UniqueIdentifier>
    </Filter>
  </ItemGroup>
  <ItemGroup>
    <ClCompile Include="src\fmt\format.cc">
      <Filter>Source Files\fmt</Filter>
    </ClCompile>
    <ClCompile Include="src\Window\Application.cpp">
      <Filter>Source Files\Window</Filter>
    </ClCompile>
    <ClCompile Include="src\Graphics\VulkanContext.cpp">
      <Filter>Source Files\Graphics</Filter>
    </ClCompile>
    <ClCompile Include="src\Market\MarketCanvas.cpp">
      <Filter>Source Files\Market</Filter>
    </ClCompile>
    <ClCompile Include="main.cpp">
      <Filter>Source Files</Filter>
    </ClCompile>
    <ClCompile Include="src\soci\core\blob.cpp">
      <Filter>Source Files\soci\core</Filter>
    </ClCompile>
    <ClCompile Include="src\soci\core\common.cpp">
      <Filter>Source Files\soci\core</Filter>
    </ClCompile>
    <ClCompile Include="src\soci\core\connection-parameters.cpp">
      <Filter>Source Files\soci\core</Filter>
    </ClCompile>
    <ClCompile Include="src\soci\core\connection-pool.cpp">
      <Filter>Source Files\soci\core</Filter>
    </ClCompile>
    <ClCompile Include="src\soci\core\error.cpp">
      <Filter>Source Files\soci\core</Filter>
    </ClCompile>
    <ClCompile Include="src\soci\core\into-type.cpp">
      <Filter>Source Files\soci\core</Filter>
    </ClCompile>
    <ClCompile Include="src\soci\core\logger.cpp">
      <Filter>Source Files\soci\core</Filter>
    </ClCompile>
    <ClCompile Include="src\soci\core\once-temp-type.cpp">
      <Filter>Source Files\soci\core</Filter>
    </ClCompile>
    <ClCompile Include="src\soci\core\prepare-temp-type.cpp">
      <Filter>Source Files\soci\core</Filter>
    </ClCompile>
    <ClCompile Include="src\soci\core\procedure.cpp">
      <Filter>Source Files\soci\core</Filter>
    </ClCompile>
    <ClCompile Include="src\soci\core\ref-counted-prepare-info.cpp">
      <Filter>Source Files\soci\core</Filter>
    </ClCompile>
    <ClCompile Include="src\soci\core\ref-counted-statement.cpp">
      <Filter>Source Files\soci\core</Filter>
    </ClCompile>
    <ClCompile Include="src\soci\core\row.cpp">
      <Filter>Source Files\soci\core</Filter>
    </ClCompile>
    <ClCompile Include="src\soci\core\rowid.cpp">
      <Filter>Source Files\soci\core</Filter>
    </ClCompile>
    <ClCompile Include="src\soci\core\session.cpp">
      <Filter>Source Files\soci\core</Filter>
    </ClCompile>
    <ClCompile Include="src\soci\core\soci-simple.cpp">
      <Filter>Source Files\soci\core</Filter>
    </ClCompile>
    <ClCompile Include="src\soci\core\statement.cpp">
      <Filter>Source Files\soci\core</Filter>
    </ClCompile>
    <ClCompile Include="src\soci\core\transaction.cpp">
      <Filter>Source Files\soci\core</Filter>
    </ClCompile>
    <ClCompile Include="src\soci\core\use-type.cpp">
      <Filter>Source Files\soci\core</Filter>
    </ClCompile>
    <ClCompile Include="src\soci\core\values.cpp">
      <Filter>Source Files\soci\core</Filter>
    </ClCompile>
    <ClCompile Include="src\soci\backends\sqlite3\blob.cpp">
      <Filter>Source Files\soci\backends\sqlite3</Filter>
    </ClCompile>
    <ClCompile Include="src\soci\backends\sqlite3\error.cpp">
      <Filter>Source Files\soci\backends\sqlite3</Filter>
    </ClCompile>
    <ClCompile Include="src\soci\backends\sqlite3\factory.cpp">
      <Filter>Source Files\soci\backends\sqlite3</Filter>
    </ClCompile>
    <ClCompile Include="src\soci\backends\sqlite3\row-id.cpp">
      <Filter>Source Files\soci\backends\sqlite3</Filter>
    </ClCompile>
    <ClCompile Include="src\soci\backends\sqlite3\session.cpp">
      <Filter>Source Files\soci\backends\sqlite3</Filter>
    </ClCompile>
    <ClCompile Include="src\soci\backends\sqlite3\standard-into-type.cpp">
      <Filter>Source Files\soci\backends\sqlite3</Filter>
    </ClCompile>
    <ClCompile Include="src\soci\backends\sqlite3\standard-use-type.cpp">
      <Filter>Source Files\soci\backends\sqlite3</Filter>
    </ClCompile>
    <ClCompile Include="src\soci\backends\sqlite3\statement.cpp">
      <Filter>Source Files\soci\backends\sqlite3</Filter>
    </ClCompile>
    <ClCompile Include="src\soci\backends\sqlite3\vector-into-type.cpp">
      <Filter>Source Files\soci\backends\sqlite3</Filter>
    </ClCompile>
    <ClCompile Include="src\soci\backends\sqlite3\vector-use-type.cpp">
      <Filter>Source Files\soci\backends\sqlite3</Filter>
    </ClCompile>
    <ClCompile Include="src\soci\core\backend-loader.cpp">
      <Filter>Source Files\soci\core</Filter>
    </ClCompile>
    <ClCompile Include="src\Market\Painter.cpp">
      <Filter>Source Files\Market</Filter>
    </ClCompile>
  </ItemGroup>
  <ItemGroup>
    <ClInclude Include="inc\Window\Application.h">
      <Filter>Header Files\Window</Filter>
    </ClInclude>
    <ClInclude Include="inc\Window\Window.h">
      <Filter>Header Files\Window</Filter>
    </ClInclude>
    <ClInclude Include="inc\Window\EventSlot.h">
      <Filter>Header Files\Window</Filter>
    </ClInclude>
    <ClInclude Include="inc\Graphics\VulkanContext.h">
      <Filter>Header Files\Graphics</Filter>
    </ClInclude>
    <ClInclude Include="inc\Utility\NonCopyable.h">
      <Filter>Header Files\Utility</Filter>
    </ClInclude>
    <ClInclude Include="inc\Utility\Singleton.h">
      <Filter>Header Files\Utility</Filter>
    </ClInclude>
    <ClInclude Include="inc\Window\EventDispatcher.h">
      <Filter>Header Files\Window</Filter>
    </ClInclude>
    <ClInclude Include="inc\Window\Event.h">
      <Filter>Header Files\Window</Filter>
    </ClInclude>
    <ClInclude Include="inc\Graphics\vk\Instance.h">
      <Filter>Header Files\Graphics\vk</Filter>
    </ClInclude>
    <ClInclude Include="inc\Graphics\vk\PhysicalDevice.h">
      <Filter>Header Files\Graphics\vk</Filter>
    </ClInclude>
    <ClInclude Include="inc\Graphics\vk\Utility.h">
      <Filter>Header Files\Graphics\vk</Filter>
    </ClInclude>
    <ClInclude Include="inc\Graphics\vk\LogicalDevice.h">
      <Filter>Header Files\Graphics\vk</Filter>
    </ClInclude>
    <ClInclude Include="inc\Graphics\vk\vk.h">
      <Filter>Header Files\Graphics\vk</Filter>
    </ClInclude>
    <ClInclude Include="inc\Graphics\vk\Queue.h">
      <Filter>Header Files\Graphics\vk</Filter>
    </ClInclude>
    <ClInclude Include="inc\Market\MarketCanvas.h">
      <Filter>Header Files\Market</Filter>
    </ClInclude>
    <ClInclude Include="inc\Market\Painter.h">
      <Filter>Header Files\Market</Filter>
    </ClInclude>
    <ClInclude Include="inc\Market\Model\TradeDate.h">
      <Filter>Header Files\Market\Model</Filter>
    </ClInclude>
    <ClInclude Include="inc\Market\Model\Price.h">
      <Filter>Header Files\Market\Model</Filter>
    </ClInclude>
    <ClInclude Include="src\soci\backends\sqlite3\common.h">
      <Filter>Source Files\soci\backends\sqlite3</Filter>
    </ClInclude>
    <ClInclude Include="inc\Market\Model\DataAnalyzer.h">
      <Filter>Header Files\Market\Model</Filter>
    </ClInclude>
    <ClInclude Include="inc\Market\Model\DataAnalyzerImpl.h">
      <Filter>Header Files\Market\Model</Filter>
    </ClInclude>
    <ClInclude Include="inc\Market\Model\Table.h">
      <Filter>Header Files\Market\Model</Filter>
    </ClInclude>
    <ClInclude Include="inc\Market\Model\ChunkedArray.h">
      <Filter>Header Files\Market\Model</Filter>
    </ClInclude>
  </ItemGroup>
  <ItemGroup>
    <CudaCompile Include="src\Market\Model\DataAnalyzer.cpp">
      <Filter>Source Files\Market\Model</Filter>
    </CudaCompile>
    <CudaCompile Include="src\Market\Model\DataAnalyzerImpl.cu">
      <Filter>Source Files\Market\Model</Filter>
    </CudaCompile>
    <CudaCompile Include="test.cu">
      <Filter>Source Files</Filter>
    </CudaCompile>
  </ItemGroup>
</Project>